
Microsoft Visual Studio Solution File, Format Version 12.00
# Visual Studio Version 17
VisualStudioVersion = 17.1.32319.34
MinimumVisualStudioVersion = 10.0.40219.1
Project("{9A19103F-16F7-4668-BE54-9A1E7A4F7556}") = "DotNetPractice", "DotNetPractice\DotNetPractice.csproj", "{84338DE8-0500-440C-B0B8-239A2A3AB48D}"
EndProject
Project("{FAE04EC0-301F-11D3-BF4B-00C04F79EFBC}") = "library1", "library1\library1.csproj", "{47821231-30DF-4112-877A-184C1BF21A5E}"
EndProject
Project("{FAE04EC0-301F-11D3-BF4B-00C04F79EFBC}") = "ClassLib2", "ClassLib2\ClassLib2.csproj", "{8A393CBB-EF48-422D-B6E4-41730CE23EF6}"
EndProject
Global
	GlobalSection(SolutionConfigurationPlatforms) = preSolution
		Debug|Any CPU = Debug|Any CPU
		Release|Any CPU = Release|Any CPU
	EndGlobalSection
	GlobalSection(ProjectConfigurationPlatforms) = postSolution
		{84338DE8-0500-440C-B0B8-239A2A3AB48D}.Debug|Any CPU.ActiveCfg = Debug|Any CPU
		{84338DE8-0500-440C-B0B8-239A2A3AB48D}.Debug|Any CPU.Build.0 = Debug|Any CPU
		{84338DE8-0500-440C-B0B8-239A2A3AB48D}.Release|Any CPU.ActiveCfg = Release|Any CPU
		{84338DE8-0500-440C-B0B8-239A2A3AB48D}.Release|Any CPU.Build.0 = Release|Any CPU
		{47821231-30DF-4112-877A-184C1BF21A5E}.Debug|Any CPU.ActiveCfg = Debug|Any CPU
		{47821231-30DF-4112-877A-184C1BF21A5E}.Debug|Any CPU.Build.0 = Debug|Any CPU
		{47821231-30DF-4112-877A-184C1BF21A5E}.Release|Any CPU.ActiveCfg = Release|Any CPU
		{47821231-30DF-4112-877A-184C1BF21A5E}.Release|Any CPU.Build.0 = Release|Any CPU
		{8A393CBB-EF48-422D-B6E4-41730CE23EF6}.Debug|Any CPU.ActiveCfg = Debug|Any CPU
		{8A393CBB-EF48-422D-B6E4-41730CE23EF6}.Debug|Any CPU.Build.0 = Debug|Any CPU
		{8A393CBB-EF48-422D-B6E4-41730CE23EF6}.Release|Any CPU.ActiveCfg = Release|Any CPU
		{8A393CBB-EF48-422D-B6E4-41730CE23EF6}.Release|Any CPU.Build.0 = Release|Any CPU
	EndGlobalSection
	GlobalSection(SolutionProperties) = preSolution
		HideSolutionNode = FALSE
	EndGlobalSection
	GlobalSection(ExtensibilityGlobals) = postSolution
		SolutionGuid = {49E4581C-EDBC-4371-976F-E8FA75926D4E}
	EndGlobalSection
EndGlobal
