
Microsoft Visual Studio Solution File, Format Version 12.00
# Visual Studio Version 17
VisualStudioVersion = 17.2.32630.192
MinimumVisualStudioVersion = 10.0.40219.1
Project("{FAE04EC0-301F-11D3-BF4B-00C04F79EFBC}") = "ParamsKeywordPractice", "ParamsKeywordPractice\ParamsKeywordPractice.csproj", "{BBB7014B-5EBD-4F60-8B00-6D7B82008E09}"
EndProject
Global
	GlobalSection(SolutionConfigurationPlatforms) = preSolution
		Debug|Any CPU = Debug|Any CPU
		Release|Any CPU = Release|Any CPU
	EndGlobalSection
	GlobalSection(ProjectConfigurationPlatforms) = postSolution
		{BBB7014B-5EBD-4F60-8B00-6D7B82008E09}.Debug|Any CPU.ActiveCfg = Debug|Any CPU
		{BBB7014B-5EBD-4F60-8B00-6D7B82008E09}.Debug|Any CPU.Build.0 = Debug|Any CPU
		{BBB7014B-5EBD-4F60-8B00-6D7B82008E09}.Release|Any CPU.ActiveCfg = Release|Any CPU
		{BBB7014B-5EBD-4F60-8B00-6D7B82008E09}.Release|Any CPU.Build.0 = Release|Any CPU
	EndGlobalSection
	GlobalSection(SolutionProperties) = preSolution
		HideSolutionNode = FALSE
	EndGlobalSection
	GlobalSection(ExtensibilityGlobals) = postSolution
		SolutionGuid = {8C4D0E0D-23A6-4E8F-B80F-D97E6ABC2D2E}
	EndGlobalSection
EndGlobal
